
Microsoft Visual Studio Solution File, Format Version 12.00
# Visual Studio 15
VisualStudioVersion = 15.0.26730.16
MinimumVisualStudioVersion = 10.0.40219.1
Project("{FAE04EC0-301F-11D3-BF4B-00C04F79EFBC}") = "Lab6", "Lab6\Lab6.csproj", "{B50FDE1B-FAEC-40A2-BE0E-C6F60F91A16F}"
EndProject
Global
	GlobalSection(SolutionConfigurationPlatforms) = preSolution
		Debug|Any CPU = Debug|Any CPU
		Release|Any CPU = Release|Any CPU
	EndGlobalSection
	GlobalSection(ProjectConfigurationPlatforms) = postSolution
		{B50FDE1B-FAEC-40A2-BE0E-C6F60F91A16F}.Debug|Any CPU.ActiveCfg = Debug|Any CPU
		{B50FDE1B-FAEC-40A2-BE0E-C6F60F91A16F}.Debug|Any CPU.Build.0 = Debug|Any CPU
		{B50FDE1B-FAEC-40A2-BE0E-C6F60F91A16F}.Release|Any CPU.ActiveCfg = Release|Any CPU
		{B50FDE1B-FAEC-40A2-BE0E-C6F60F91A16F}.Release|Any CPU.Build.0 = Release|Any CPU
	EndGlobalSection
	GlobalSection(SolutionProperties) = preSolution
		HideSolutionNode = FALSE
	EndGlobalSection
	GlobalSection(ExtensibilityGlobals) = postSolution
		SolutionGuid = {C77703CC-595B-4455-BAF3-49277616C896}
	EndGlobalSection
EndGlobal
